
Microsoft Visual Studio Solution File, Format Version 12.00
Project("{FAE04EC0-301F-11D3-BF4B-00C04F79EFBC}") = "Integrations.ConsoleTest", "Integrations.ConsoleTest\Integrations.ConsoleTest.csproj", "{850574FF-3AB8-486C-BF09-87AE952D9295}"
EndProject
Project("{2150E333-8FDC-42A3-9474-1A3956D46DE8}") = "SolutionItems", "SolutionItems", "{0CD38ACA-A20A-49A0-ABE0-1C86CDE106BC}"
ProjectSection(SolutionItems) = preProject
	.gitignore = .gitignore
	README.md = README.md
EndProjectSection
EndProject
Project("{FAE04EC0-301F-11D3-BF4B-00C04F79EFBC}") = "Integrations.HttpClient", "Integrations.HttpClient\Integrations.HttpClient.csproj", "{3D62F6CE-97A7-4ADC-A3E0-0FF6EF99C6F8}"
EndProject
Project("{FAE04EC0-301F-11D3-BF4B-00C04F79EFBC}") = "Integrations.HttpClient.Test", "Integrations.HttpClient.Test\Integrations.HttpClient.Test.csproj", "{80F676DF-6571-4120-B260-2140A1314E41}"
EndProject
Global
	GlobalSection(SolutionConfigurationPlatforms) = preSolution
		Debug|Any CPU = Debug|Any CPU
		Release|Any CPU = Release|Any CPU
	EndGlobalSection
	GlobalSection(ProjectConfigurationPlatforms) = postSolution
		{850574FF-3AB8-486C-BF09-87AE952D9295}.Debug|Any CPU.ActiveCfg = Debug|Any CPU
		{850574FF-3AB8-486C-BF09-87AE952D9295}.Debug|Any CPU.Build.0 = Debug|Any CPU
		{850574FF-3AB8-486C-BF09-87AE952D9295}.Release|Any CPU.ActiveCfg = Release|Any CPU
		{850574FF-3AB8-486C-BF09-87AE952D9295}.Release|Any CPU.Build.0 = Release|Any CPU
		{3D62F6CE-97A7-4ADC-A3E0-0FF6EF99C6F8}.Debug|Any CPU.ActiveCfg = Debug|Any CPU
		{3D62F6CE-97A7-4ADC-A3E0-0FF6EF99C6F8}.Debug|Any CPU.Build.0 = Debug|Any CPU
		{3D62F6CE-97A7-4ADC-A3E0-0FF6EF99C6F8}.Release|Any CPU.ActiveCfg = Release|Any CPU
		{3D62F6CE-97A7-4ADC-A3E0-0FF6EF99C6F8}.Release|Any CPU.Build.0 = Release|Any CPU
		{80F676DF-6571-4120-B260-2140A1314E41}.Debug|Any CPU.ActiveCfg = Debug|Any CPU
		{80F676DF-6571-4120-B260-2140A1314E41}.Debug|Any CPU.Build.0 = Debug|Any CPU
		{80F676DF-6571-4120-B260-2140A1314E41}.Release|Any CPU.ActiveCfg = Release|Any CPU
		{80F676DF-6571-4120-B260-2140A1314E41}.Release|Any CPU.Build.0 = Release|Any CPU
	EndGlobalSection
EndGlobal
